
Microsoft Visual Studio Solution File, Format Version 12.00
# Visual Studio Version 17
VisualStudioVersion = 17.8.34309.116
MinimumVisualStudioVersion = 10.0.40219.1
Project("{9A19103F-16F7-4668-BE54-9A1E7A4F7556}") = "PayperClip", "PayperClip.csproj", "{136D7368-71CF-402E-B0E5-23BA7635865F}"
EndProject
Global
	GlobalSection(SolutionConfigurationPlatforms) = preSolution
		Debug|Any CPU = Debug|Any CPU
		Release|Any CPU = Release|Any CPU
	EndGlobalSection
	GlobalSection(ProjectConfigurationPlatforms) = postSolution
		{136D7368-71CF-402E-B0E5-23BA7635865F}.Debug|Any CPU.ActiveCfg = Debug|Any CPU
		{136D7368-71CF-402E-B0E5-23BA7635865F}.Debug|Any CPU.Build.0 = Debug|Any CPU
		{136D7368-71CF-402E-B0E5-23BA7635865F}.Release|Any CPU.ActiveCfg = Release|Any CPU
		{136D7368-71CF-402E-B0E5-23BA7635865F}.Release|Any CPU.Build.0 = Release|Any CPU
	EndGlobalSection
	GlobalSection(SolutionProperties) = preSolution
		HideSolutionNode = FALSE
	EndGlobalSection
	GlobalSection(ExtensibilityGlobals) = postSolution
		SolutionGuid = {FF4E4B00-2BD2-4EED-A293-8259DD7AFE2F}
	EndGlobalSection
EndGlobal
